
Microsoft Visual Studio Solution File, Format Version 12.00
# Visual Studio Version 17
VisualStudioVersion = 17.5.33530.505
MinimumVisualStudioVersion = 10.0.40219.1
Project("{9A19103F-16F7-4668-BE54-9A1E7A4F7556}") = "ACAffectsDR", "ACAffectsDR.csproj", "{C952DC51-941B-4ADB-816B-1C1AA1B768D3}"
EndProject
Global
	GlobalSection(SolutionConfigurationPlatforms) = preSolution
		Debug|Any CPU = Debug|Any CPU
		Release|Any CPU = Release|Any CPU
	EndGlobalSection
	GlobalSection(ProjectConfigurationPlatforms) = postSolution
		{C952DC51-941B-4ADB-816B-1C1AA1B768D3}.Debug|Any CPU.ActiveCfg = Debug|Any CPU
		{C952DC51-941B-4ADB-816B-1C1AA1B768D3}.Debug|Any CPU.Build.0 = Debug|Any CPU
		{C952DC51-941B-4ADB-816B-1C1AA1B768D3}.Release|Any CPU.ActiveCfg = Release|Any CPU
		{C952DC51-941B-4ADB-816B-1C1AA1B768D3}.Release|Any CPU.Build.0 = Release|Any CPU
	EndGlobalSection
	GlobalSection(SolutionProperties) = preSolution
		HideSolutionNode = FALSE
	EndGlobalSection
	GlobalSection(ExtensibilityGlobals) = postSolution
		SolutionGuid = {9B73E46A-44E2-4497-B941-E05633F2C555}
	EndGlobalSection
EndGlobal
